
Microsoft Visual Studio Solution File, Format Version 12.00
# Visual Studio Version 16
VisualStudioVersion = 16.0.31205.134
MinimumVisualStudioVersion = 10.0.40219.1
Project("{FAE04EC0-301F-11D3-BF4B-00C04F79EFBC}") = "Personal GUI", "Personal GUI.csproj", "{3936FDB0-3925-4D60-97A2-724D54F8911D}"
EndProject
Global
	GlobalSection(SolutionConfigurationPlatforms) = preSolution
		Debug|Any CPU = Debug|Any CPU
		Release|Any CPU = Release|Any CPU
	EndGlobalSection
	GlobalSection(ProjectConfigurationPlatforms) = postSolution
		{3936FDB0-3925-4D60-97A2-724D54F8911D}.Debug|Any CPU.ActiveCfg = Debug|Any CPU
		{3936FDB0-3925-4D60-97A2-724D54F8911D}.Debug|Any CPU.Build.0 = Debug|Any CPU
		{3936FDB0-3925-4D60-97A2-724D54F8911D}.Release|Any CPU.ActiveCfg = Release|Any CPU
		{3936FDB0-3925-4D60-97A2-724D54F8911D}.Release|Any CPU.Build.0 = Release|Any CPU
	EndGlobalSection
	GlobalSection(SolutionProperties) = preSolution
		HideSolutionNode = FALSE
	EndGlobalSection
	GlobalSection(ExtensibilityGlobals) = postSolution
		SolutionGuid = {DDF2C2B8-3AC7-4956-9587-B2E616D2EE67}
	EndGlobalSection
EndGlobal
